
Microsoft Visual Studio Solution File, Format Version 12.00
# Visual Studio Version 16
VisualStudioVersion = 16.0.31613.86
MinimumVisualStudioVersion = 10.0.40219.1
Project("{FAE04EC0-301F-11D3-BF4B-00C04F79EFBC}") = "baitap1", "baitap1\baitap1.csproj", "{83E5031C-AA1A-4B01-9C7A-AA224EEF9831}"
EndProject
Global
	GlobalSection(SolutionConfigurationPlatforms) = preSolution
		Debug|Any CPU = Debug|Any CPU
		Release|Any CPU = Release|Any CPU
	EndGlobalSection
	GlobalSection(ProjectConfigurationPlatforms) = postSolution
		{83E5031C-AA1A-4B01-9C7A-AA224EEF9831}.Debug|Any CPU.ActiveCfg = Debug|Any CPU
		{83E5031C-AA1A-4B01-9C7A-AA224EEF9831}.Debug|Any CPU.Build.0 = Debug|Any CPU
		{83E5031C-AA1A-4B01-9C7A-AA224EEF9831}.Release|Any CPU.ActiveCfg = Release|Any CPU
		{83E5031C-AA1A-4B01-9C7A-AA224EEF9831}.Release|Any CPU.Build.0 = Release|Any CPU
	EndGlobalSection
	GlobalSection(SolutionProperties) = preSolution
		HideSolutionNode = FALSE
	EndGlobalSection
	GlobalSection(ExtensibilityGlobals) = postSolution
		SolutionGuid = {595E2ED0-9258-474C-A1E3-76B4180AF037}
	EndGlobalSection
EndGlobal
